
Microsoft Visual Studio Solution File, Format Version 11.00
# Visual Studio 2010
Project("{FAE04EC0-301F-11D3-BF4B-00C04F79EFBC}") = "CSC431", "CSC431\CSC431.csproj", "{4EAC0190-4082-47EC-B6BD-0BF74A975004}"
EndProject
Project("{FAE04EC0-301F-11D3-BF4B-00C04F79EFBC}") = "CompileAllBenchmarks", "CompileAllBenchmarks\CompileAllBenchmarks.csproj", "{20F81CBA-BF21-409D-84F7-BD02AFFBD7D8}"
EndProject
Global
	GlobalSection(SolutionConfigurationPlatforms) = preSolution
		Debug|x86 = Debug|x86
		Release|x86 = Release|x86
	EndGlobalSection
	GlobalSection(ProjectConfigurationPlatforms) = postSolution
		{4EAC0190-4082-47EC-B6BD-0BF74A975004}.Debug|x86.ActiveCfg = Debug|x86
		{4EAC0190-4082-47EC-B6BD-0BF74A975004}.Debug|x86.Build.0 = Debug|x86
		{4EAC0190-4082-47EC-B6BD-0BF74A975004}.Release|x86.ActiveCfg = Release|x86
		{4EAC0190-4082-47EC-B6BD-0BF74A975004}.Release|x86.Build.0 = Release|x86
		{20F81CBA-BF21-409D-84F7-BD02AFFBD7D8}.Debug|x86.ActiveCfg = Debug|x86
		{20F81CBA-BF21-409D-84F7-BD02AFFBD7D8}.Debug|x86.Build.0 = Debug|x86
		{20F81CBA-BF21-409D-84F7-BD02AFFBD7D8}.Release|x86.ActiveCfg = Release|x86
		{20F81CBA-BF21-409D-84F7-BD02AFFBD7D8}.Release|x86.Build.0 = Release|x86
	EndGlobalSection
	GlobalSection(SolutionProperties) = preSolution
		HideSolutionNode = FALSE
	EndGlobalSection
EndGlobal
